// !$*UTF8*$!
{
	archiveVersion = 1;
	classes = {
	};
	objectVersion = 77;
	objects = {

/* Begin PBXBuildFile section */
		AAE8B92B2CA32F0E00C4E2E1 /* README.md in Resources */ = {isa = PBXBuildFile; fileRef = AAE8B92A2CA32F0E00C4E2E1 /* README.md */; };
		AAE8B92D2CA32FE100C4E2E1 /* LICENSE in Resources */ = {isa = PBXBuildFile; fileRef = AAE8B92C2CA32FE100C4E2E1 /* LICENSE */; };
/* End PBXBuildFile section */

/* Begin PBXContainerItemProxy section */
		AA23DC3C2CA1F6D8009563B6 /* PBXContainerItemProxy */ = {
			isa = PBXContainerItemProxy;
			containerPortal = AA23DC232CA1F6D7009563B6 /* Project object */;
			proxyType = 1;
			remoteGlobalIDString = AA23DC2A2CA1F6D7009563B6;
			remoteInfo = "Idasen Controller";
		};
		AA23DC462CA1F6D8009563B6 /* PBXContainerItemProxy */ = {
			isa = PBXContainerItemProxy;
			containerPortal = AA23DC232CA1F6D7009563B6 /* Project object */;
			proxyType = 1;
			remoteGlobalIDString = AA23DC2A2CA1F6D7009563B6;
			remoteInfo = "Idasen Controller";
		};
/* End PBXContainerItemProxy section */

/* Begin PBXFileReference section */
		AA23DC2B2CA1F6D7009563B6 /* Idasen Controller.app */ = {isa = PBXFileReference; explicitFileType = wrapper.application; includeInIndex = 0; path = "Idasen Controller.app"; sourceTree = BUILT_PRODUCTS_DIR; };
		AA23DC3B2CA1F6D8009563B6 /* Idasen ControllerTests.xctest */ = {isa = PBXFileReference; explicitFileType = wrapper.cfbundle; includeInIndex = 0; path = "Idasen ControllerTests.xctest"; sourceTree = BUILT_PRODUCTS_DIR; };
		AA23DC452CA1F6D8009563B6 /* Idasen ControllerUITests.xctest */ = {isa = PBXFileReference; explicitFileType = wrapper.cfbundle; includeInIndex = 0; path = "Idasen ControllerUITests.xctest"; sourceTree = BUILT_PRODUCTS_DIR; };
		AAE8B92A2CA32F0E00C4E2E1 /* README.md */ = {isa = PBXFileReference; lastKnownFileType = net.daringfireball.markdown; path = README.md; sourceTree = "<group>"; };
		AAE8B92C2CA32FE100C4E2E1 /* LICENSE */ = {isa = PBXFileReference; lastKnownFileType = text; path = LICENSE; sourceTree = "<group>"; };
/* End PBXFileReference section */

/* Begin PBXFileSystemSynchronizedRootGroup section */
		AA23DC2D2CA1F6D7009563B6 /* Idasen Controller */ = {
			isa = PBXFileSystemSynchronizedRootGroup;
			path = "Idasen Controller";
			sourceTree = "<group>";
		};
		AA23DC3E2CA1F6D8009563B6 /* Idasen ControllerTests */ = {
			isa = PBXFileSystemSynchronizedRootGroup;
			path = "Idasen ControllerTests";
			sourceTree = "<group>";
		};
		AA23DC482CA1F6D8009563B6 /* Idasen ControllerUITests */ = {
			isa = PBXFileSystemSynchronizedRootGroup;
			path = "Idasen ControllerUITests";
			sourceTree = "<group>";
		};
/* End PBXFileSystemSynchronizedRootGroup section */

/* Begin PBXFrameworksBuildPhase section */
		AA23DC282CA1F6D7009563B6 /* Frameworks */ = {
			isa = PBXFrameworksBuildPhase;
			buildActionMask = 2147483647;
			files = (
			);
			runOnlyForDeploymentPostprocessing = 0;
		};
		AA23DC382CA1F6D8009563B6 /* Frameworks */ = {
			isa = PBXFrameworksBuildPhase;
			buildActionMask = 2147483647;
			files = (
			);
			runOnlyForDeploymentPostprocessing = 0;
		};
		AA23DC422CA1F6D8009563B6 /* Frameworks */ = {
			isa = PBXFrameworksBuildPhase;
			buildActionMask = 2147483647;
			files = (
			);
			runOnlyForDeploymentPostprocessing = 0;
		};
/* End PBXFrameworksBuildPhase section */

/* Begin PBXGroup section */
		AA23DC222CA1F6D7009563B6 = {
			isa = PBXGroup;
			children = (
				AAE8B92C2CA32FE100C4E2E1 /* LICENSE */,
				AAE8B92A2CA32F0E00C4E2E1 /* README.md */,
				AA23DC2D2CA1F6D7009563B6 /* Idasen Controller */,
				AA23DC3E2CA1F6D8009563B6 /* Idasen ControllerTests */,
				AA23DC482CA1F6D8009563B6 /* Idasen ControllerUITests */,
				AA23DC2C2CA1F6D7009563B6 /* Products */,
			);
			sourceTree = "<group>";
		};
		AA23DC2C2CA1F6D7009563B6 /* Products */ = {
			isa = PBXGroup;
			children = (
				AA23DC2B2CA1F6D7009563B6 /* Idasen Controller.app */,
				AA23DC3B2CA1F6D8009563B6 /* Idasen ControllerTests.xctest */,
				AA23DC452CA1F6D8009563B6 /* Idasen ControllerUITests.xctest */,
			);
			name = Products;
			sourceTree = "<group>";
		};
/* End PBXGroup section */

/* Begin PBXNativeTarget section */
		AA23DC2A2CA1F6D7009563B6 /* Idasen Controller */ = {
			isa = PBXNativeTarget;
			buildConfigurationList = AA23DC4F2CA1F6D8009563B6 /* Build configuration list for PBXNativeTarget "Idasen Controller" */;
			buildPhases = (
				AA23DC272CA1F6D7009563B6 /* Sources */,
				AA23DC282CA1F6D7009563B6 /* Frameworks */,
				AA23DC292CA1F6D7009563B6 /* Resources */,
			);
			buildRules = (
			);
			dependencies = (
			);
			fileSystemSynchronizedGroups = (
				AA23DC2D2CA1F6D7009563B6 /* Idasen Controller */,
			);
			name = "Idasen Controller";
			packageProductDependencies = (
			);
			productName = "Idasen Controller";
			productReference = AA23DC2B2CA1F6D7009563B6 /* Idasen Controller.app */;
			productType = "com.apple.product-type.application";
		};
		AA23DC3A2CA1F6D8009563B6 /* Idasen ControllerTests */ = {
			isa = PBXNativeTarget;
			buildConfigurationList = AA23DC522CA1F6D8009563B6 /* Build configuration list for PBXNativeTarget "Idasen ControllerTests" */;
			buildPhases = (
				AA23DC372CA1F6D8009563B6 /* Sources */,
				AA23DC382CA1F6D8009563B6 /* Frameworks */,
				AA23DC392CA1F6D8009563B6 /* Resources */,
			);
			buildRules = (
			);
			dependencies = (
				AA23DC3D2CA1F6D8009563B6 /* PBXTargetDependency */,
			);
			fileSystemSynchronizedGroups = (
				AA23DC3E2CA1F6D8009563B6 /* Idasen ControllerTests */,
			);
			name = "Idasen ControllerTests";
			packageProductDependencies = (
			);
			productName = "Idasen ControllerTests";
			productReference = AA23DC3B2CA1F6D8009563B6 /* Idasen ControllerTests.xctest */;
			productType = "com.apple.product-type.bundle.unit-test";
		};
		AA23DC442CA1F6D8009563B6 /* Idasen ControllerUITests */ = {
			isa = PBXNativeTarget;
			buildConfigurationList = AA23DC552CA1F6D8009563B6 /* Build configuration list for PBXNativeTarget "Idasen ControllerUITests" */;
			buildPhases = (
				AA23DC412CA1F6D8009563B6 /* Sources */,
				AA23DC422CA1F6D8009563B6 /* Frameworks */,
				AA23DC432CA1F6D8009563B6 /* Resources */,
			);
			buildRules = (
			);
			dependencies = (
				AA23DC472CA1F6D8009563B6 /* PBXTargetDependency */,
			);
			fileSystemSynchronizedGroups = (
				AA23DC482CA1F6D8009563B6 /* Idasen ControllerUITests */,
			);
			name = "Idasen ControllerUITests";
			packageProductDependencies = (
			);
			productName = "Idasen ControllerUITests";
			productReference = AA23DC452CA1F6D8009563B6 /* Idasen ControllerUITests.xctest */;
			productType = "com.apple.product-type.bundle.ui-testing";
		};
/* End PBXNativeTarget section */

/* Begin PBXProject section */
		AA23DC232CA1F6D7009563B6 /* Project object */ = {
			isa = PBXProject;
			attributes = {
				BuildIndependentTargetsInParallel = 1;
				LastSwiftUpdateCheck = 1600;
				LastUpgradeCheck = 1600;
				TargetAttributes = {
					AA23DC2A2CA1F6D7009563B6 = {
						CreatedOnToolsVersion = 16.0;
					};
					AA23DC3A2CA1F6D8009563B6 = {
						CreatedOnToolsVersion = 16.0;
						TestTargetID = AA23DC2A2CA1F6D7009563B6;
					};
					AA23DC442CA1F6D8009563B6 = {
						CreatedOnToolsVersion = 16.0;
						TestTargetID = AA23DC2A2CA1F6D7009563B6;
					};
				};
			};
			buildConfigurationList = AA23DC262CA1F6D7009563B6 /* Build configuration list for PBXProject "Idasen Controller" */;
			developmentRegion = en;
			hasScannedForEncodings = 0;
			knownRegions = (
				en,
				Base,
			);
			mainGroup = AA23DC222CA1F6D7009563B6;
			minimizedProjectReferenceProxies = 1;
			preferredProjectObjectVersion = 77;
			productRefGroup = AA23DC2C2CA1F6D7009563B6 /* Products */;
			projectDirPath = "";
			projectRoot = "";
			targets = (
				AA23DC2A2CA1F6D7009563B6 /* Idasen Controller */,
				AA23DC3A2CA1F6D8009563B6 /* Idasen ControllerTests */,
				AA23DC442CA1F6D8009563B6 /* Idasen ControllerUITests */,
			);
		};
/* End PBXProject section */

/* Begin PBXResourcesBuildPhase section */
		AA23DC292CA1F6D7009563B6 /* Resources */ = {
			isa = PBXResourcesBuildPhase;
			buildActionMask = 2147483647;
			files = (
				AAE8B92B2CA32F0E00C4E2E1 /* README.md in Resources */,
				AAE8B92D2CA32FE100C4E2E1 /* LICENSE in Resources */,
			);
			runOnlyForDeploymentPostprocessing = 0;
		};
		AA23DC392CA1F6D8009563B6 /* Resources */ = {
			isa = PBXResourcesBuildPhase;
			buildActionMask = 2147483647;
			files = (
			);
			runOnlyForDeploymentPostprocessing = 0;
		};
		AA23DC432CA1F6D8009563B6 /* Resources */ = {
			isa = PBXResourcesBuildPhase;
			buildActionMask = 2147483647;
			files = (
			);
			runOnlyForDeploymentPostprocessing = 0;
		};
/* End PBXResourcesBuildPhase section */

/* Begin PBXSourcesBuildPhase section */
		AA23DC272CA1F6D7009563B6 /* Sources */ = {
			isa = PBXSourcesBuildPhase;
			buildActionMask = 2147483647;
			files = (
			);
			runOnlyForDeploymentPostprocessing = 0;
		};
		AA23DC372CA1F6D8009563B6 /* Sources */ = {
			isa = PBXSourcesBuildPhase;
			buildActionMask = 2147483647;
			files = (
			);
			runOnlyForDeploymentPostprocessing = 0;
		};
		AA23DC412CA1F6D8009563B6 /* Sources */ = {
			isa = PBXSourcesBuildPhase;
			buildActionMask = 2147483647;
			files = (
			);
			runOnlyForDeploymentPostprocessing = 0;
		};
/* End PBXSourcesBuildPhase section */

/* Begin PBXTargetDependency section */
		AA23DC3D2CA1F6D8009563B6 /* PBXTargetDependency */ = {
			isa = PBXTargetDependency;
			target = AA23DC2A2CA1F6D7009563B6 /* Idasen Controller */;
			targetProxy = AA23DC3C2CA1F6D8009563B6 /* PBXContainerItemProxy */;
		};
		AA23DC472CA1F6D8009563B6 /* PBXTargetDependency */ = {
			isa = PBXTargetDependency;
			target = AA23DC2A2CA1F6D7009563B6 /* Idasen Controller */;
			targetProxy = AA23DC462CA1F6D8009563B6 /* PBXContainerItemProxy */;
		};
/* End PBXTargetDependency section */

/* Begin XCBuildConfiguration section */
		AA23DC4D2CA1F6D8009563B6 /* Debug */ = {
			isa = XCBuildConfiguration;
			buildSettings = {
				ALWAYS_SEARCH_USER_PATHS = NO;
				ASSETCATALOG_COMPILER_GENERATE_SWIFT_ASSET_SYMBOL_EXTENSIONS = YES;
				CLANG_ANALYZER_NONNULL = YES;
				CLANG_ANALYZER_NUMBER_OBJECT_CONVERSION = YES_AGGRESSIVE;
				CLANG_CXX_LANGUAGE_STANDARD = "gnu++20";
				CLANG_ENABLE_MODULES = YES;
				CLANG_ENABLE_OBJC_ARC = YES;
				CLANG_ENABLE_OBJC_WEAK = YES;
				CLANG_WARN_BLOCK_CAPTURE_AUTORELEASING = YES;
				CLANG_WARN_BOOL_CONVERSION = YES;
				CLANG_WARN_COMMA = YES;
				CLANG_WARN_CONSTANT_CONVERSION = YES;
				CLANG_WARN_DEPRECATED_OBJC_IMPLEMENTATIONS = YES;
				CLANG_WARN_DIRECT_OBJC_ISA_USAGE = YES_ERROR;
				CLANG_WARN_DOCUMENTATION_COMMENTS = YES;
				CLANG_WARN_EMPTY_BODY = YES;
				CLANG_WARN_ENUM_CONVERSION = YES;
				CLANG_WARN_INFINITE_RECURSION = YES;
				CLANG_WARN_INT_CONVERSION = YES;
				CLANG_WARN_NON_LITERAL_NULL_CONVERSION = YES;
				CLANG_WARN_OBJC_IMPLICIT_RETAIN_SELF = YES;
				CLANG_WARN_OBJC_LITERAL_CONVERSION = YES;
				CLANG_WARN_OBJC_ROOT_CLASS = YES_ERROR;
				CLANG_WARN_QUOTED_INCLUDE_IN_FRAMEWORK_HEADER = YES;
				CLANG_WARN_RANGE_LOOP_ANALYSIS = YES;
				CLANG_WARN_STRICT_PROTOTYPES = YES;
				CLANG_WARN_SUSPICIOUS_MOVE = YES;
				CLANG_WARN_UNGUARDED_AVAILABILITY = YES_AGGRESSIVE;
				CLANG_WARN_UNREACHABLE_CODE = YES;
				CLANG_WARN__DUPLICATE_METHOD_MATCH = YES;
				COPY_PHASE_STRIP = NO;
				DEBUG_INFORMATION_FORMAT = dwarf;
				ENABLE_STRICT_OBJC_MSGSEND = YES;
				ENABLE_TESTABILITY = YES;
				ENABLE_USER_SCRIPT_SANDBOXING = YES;
				GCC_C_LANGUAGE_STANDARD = gnu17;
				GCC_DYNAMIC_NO_PIC = NO;
				GCC_NO_COMMON_BLOCKS = YES;
				GCC_OPTIMIZATION_LEVEL = 0;
				GCC_PREPROCESSOR_DEFINITIONS = (
					"DEBUG=1",
					"$(inherited)",
				);
				GCC_WARN_64_TO_32_BIT_CONVERSION = YES;
				GCC_WARN_ABOUT_RETURN_TYPE = YES_ERROR;
				GCC_WARN_UNDECLARED_SELECTOR = YES;
				GCC_WARN_UNINITIALIZED_AUTOS = YES_AGGRESSIVE;
				GCC_WARN_UNUSED_FUNCTION = YES;
				GCC_WARN_UNUSED_VARIABLE = YES;
				IPHONEOS_DEPLOYMENT_TARGET = 18.0;
				LOCALIZATION_PREFERS_STRING_CATALOGS = YES;
				MTL_ENABLE_DEBUG_INFO = INCLUDE_SOURCE;
				MTL_FAST_MATH = YES;
				ONLY_ACTIVE_ARCH = YES;
				SDKROOT = iphoneos;
				SWIFT_ACTIVE_COMPILATION_CONDITIONS = "DEBUG $(inherited)";
				SWIFT_OPTIMIZATION_LEVEL = "-Onone";
			};
			name = Debug;
		};
		AA23DC4E2CA1F6D8009563B6 /* Release */ = {
			isa = XCBuildConfiguration;
			buildSettings = {
				ALWAYS_SEARCH_USER_PATHS = NO;
				ASSETCATALOG_COMPILER_GENERATE_SWIFT_ASSET_SYMBOL_EXTENSIONS = YES;
				CLANG_ANALYZER_NONNULL = YES;
				CLANG_ANALYZER_NUMBER_OBJECT_CONVERSION = YES_AGGRESSIVE;
				CLANG_CXX_LANGUAGE_STANDARD = "gnu++20";
				CLANG_ENABLE_MODULES = YES;
				CLANG_ENABLE_OBJC_ARC = YES;
				CLANG_ENABLE_OBJC_WEAK = YES;
				CLANG_WARN_BLOCK_CAPTURE_AUTORELEASING = YES;
				CLANG_WARN_BOOL_CONVERSION = YES;
				CLANG_WARN_COMMA = YES;
				CLANG_WARN_CONSTANT_CONVERSION = YES;
				CLANG_WARN_DEPRECATED_OBJC_IMPLEMENTATIONS = YES;
				CLANG_WARN_DIRECT_OBJC_ISA_USAGE = YES_ERROR;
				CLANG_WARN_DOCUMENTATION_COMMENTS = YES;
				CLANG_WARN_EMPTY_BODY = YES;
				CLANG_WARN_ENUM_CONVERSION = YES;
				CLANG_WARN_INFINITE_RECURSION = YES;
				CLANG_WARN_INT_CONVERSION = YES;
				CLANG_WARN_NON_LITERAL_NULL_CONVERSION = YES;
				CLANG_WARN_OBJC_IMPLICIT_RETAIN_SELF = YES;
				CLANG_WARN_OBJC_LITERAL_CONVERSION = YES;
				CLANG_WARN_OBJC_ROOT_CLASS = YES_ERROR;
				CLANG_WARN_QUOTED_INCLUDE_IN_FRAMEWORK_HEADER = YES;
				CLANG_WARN_RANGE_LOOP_ANALYSIS = YES;
				CLANG_WARN_STRICT_PROTOTYPES = YES;
				CLANG_WARN_SUSPICIOUS_MOVE = YES;
				CLANG_WARN_UNGUARDED_AVAILABILITY = YES_AGGRESSIVE;
				CLANG_WARN_UNREACHABLE_CODE = YES;
				CLANG_WARN__DUPLICATE_METHOD_MATCH = YES;
				COPY_PHASE_STRIP = NO;
				DEBUG_INFORMATION_FORMAT = "dwarf-with-dsym";
				ENABLE_NS_ASSERTIONS = NO;
				ENABLE_STRICT_OBJC_MSGSEND = YES;
				ENABLE_USER_SCRIPT_SANDBOXING = YES;
				GCC_C_LANGUAGE_STANDARD = gnu17;
				GCC_NO_COMMON_BLOCKS = YES;
				GCC_WARN_64_TO_32_BIT_CONVERSION = YES;
				GCC_WARN_ABOUT_RETURN_TYPE = YES_ERROR;
				GCC_WARN_UNDECLARED_SELECTOR = YES;
				GCC_WARN_UNINITIALIZED_AUTOS = YES_AGGRESSIVE;
				GCC_WARN_UNUSED_FUNCTION = YES;
				GCC_WARN_UNUSED_VARIABLE = YES;
				IPHONEOS_DEPLOYMENT_TARGET = 18.0;
				LOCALIZATION_PREFERS_STRING_CATALOGS = YES;
				MTL_ENABLE_DEBUG_INFO = NO;
				MTL_FAST_MATH = YES;
				SDKROOT = iphoneos;
				SWIFT_COMPILATION_MODE = wholemodule;
				VALIDATE_PRODUCT = YES;
			};
			name = Release;
		};
		AA23DC502CA1F6D8009563B6 /* Debug */ = {
			isa = XCBuildConfiguration;
			buildSettings = {
				ASSETCATALOG_COMPILER_APPICON_NAME = AppIcon;
				ASSETCATALOG_COMPILER_GLOBAL_ACCENT_COLOR_NAME = AccentColor;
				CODE_SIGN_STYLE = Automatic;
				CURRENT_PROJECT_VERSION = 1;
				DEVELOPMENT_ASSET_PATHS = "\"Idasen Controller/Preview Content\"";
				DEVELOPMENT_TEAM = B465UNKBLB;
				ENABLE_PREVIEWS = YES;
				GENERATE_INFOPLIST_FILE = YES;
				INFOPLIST_KEY_NSBluetoothAlwaysUsageDescription = "Used for connecting to the desk";
				INFOPLIST_KEY_UIApplicationSceneManifest_Generation = YES;
				INFOPLIST_KEY_UIApplicationSupportsIndirectInputEvents = YES;
				INFOPLIST_KEY_UILaunchScreen_Generation = YES;
				INFOPLIST_KEY_UISupportedInterfaceOrientations_iPad = "UIInterfaceOrientationPortrait UIInterfaceOrientationPortraitUpsideDown UIInterfaceOrientationLandscapeLeft UIInterfaceOrientationLandscapeRight";
				INFOPLIST_KEY_UISupportedInterfaceOrientations_iPhone = "UIInterfaceOrientationPortrait UIInterfaceOrientationLandscapeLeft UIInterfaceOrientationLandscapeRight";
				LD_RUNPATH_SEARCH_PATHS = (
					"$(inherited)",
					"@executable_path/Frameworks",
				);
				MARKETING_VERSION = 1.0;
				PRODUCT_BUNDLE_IDENTIFIER = "dev.marcell.Idasen-Controller";
				PRODUCT_NAME = "$(TARGET_NAME)";
				SWIFT_EMIT_LOC_STRINGS = YES;
				SWIFT_VERSION = 5.0;
				TARGETED_DEVICE_FAMILY = "1,2";
			};
			name = Debug;
		};
		AA23DC512CA1F6D8009563B6 /* Release */ = {
			isa = XCBuildConfiguration;
			buildSettings = {
				ASSETCATALOG_COMPILER_APPICON_NAME = AppIcon;
				ASSETCATALOG_COMPILER_GLOBAL_ACCENT_COLOR_NAME = AccentColor;
				CODE_SIGN_STYLE = Automatic;
				CURRENT_PROJECT_VERSION = 1;
				DEVELOPMENT_ASSET_PATHS = "\"Idasen Controller/Preview Content\"";
				DEVELOPMENT_TEAM = B465UNKBLB;
				ENABLE_PREVIEWS = YES;
				GENERATE_INFOPLIST_FILE = YES;
				INFOPLIST_KEY_NSBluetoothAlwaysUsageDescription = "Used for connecting to the desk";
				INFOPLIST_KEY_UIApplicationSceneManifest_Generation = YES;
				INFOPLIST_KEY_UIApplicationSupportsIndirectInputEvents = YES;
				INFOPLIST_KEY_UILaunchScreen_Generation = YES;
				INFOPLIST_KEY_UISupportedInterfaceOrientations_iPad = "UIInterfaceOrientationPortrait UIInterfaceOrientationPortraitUpsideDown UIInterfaceOrientationLandscapeLeft UIInterfaceOrientationLandscapeRight";
				INFOPLIST_KEY_UISupportedInterfaceOrientations_iPhone = "UIInterfaceOrientationPortrait UIInterfaceOrientationLandscapeLeft UIInterfaceOrientationLandscapeRight";
				LD_RUNPATH_SEARCH_PATHS = (
					"$(inherited)",
					"@executable_path/Frameworks",
				);
				MARKETING_VERSION = 1.0;
				PRODUCT_BUNDLE_IDENTIFIER = "dev.marcell.Idasen-Controller";
				PRODUCT_NAME = "$(TARGET_NAME)";
				SWIFT_EMIT_LOC_STRINGS = YES;
				SWIFT_VERSION = 5.0;
				TARGETED_DEVICE_FAMILY = "1,2";
			};
			name = Release;
		};
		AA23DC532CA1F6D8009563B6 /* Debug */ = {
			isa = XCBuildConfiguration;
			buildSettings = {
				BUNDLE_LOADER = "$(TEST_HOST)";
				CODE_SIGN_STYLE = Automatic;
				CURRENT_PROJECT_VERSION = 1;
				DEVELOPMENT_TEAM = B465UNKBLB;
				GENERATE_INFOPLIST_FILE = YES;
				IPHONEOS_DEPLOYMENT_TARGET = 18.0;
				MARKETING_VERSION = 1.0;
				PRODUCT_BUNDLE_IDENTIFIER = "dev.marcell.Idasen-ControllerTests";
				PRODUCT_NAME = "$(TARGET_NAME)";
				SWIFT_EMIT_LOC_STRINGS = NO;
				SWIFT_VERSION = 5.0;
				TARGETED_DEVICE_FAMILY = "1,2";
				TEST_HOST = "$(BUILT_PRODUCTS_DIR)/Idasen Controller.app/$(BUNDLE_EXECUTABLE_FOLDER_PATH)/Idasen Controller";
			};
			name = Debug;
		};
		AA23DC542CA1F6D8009563B6 /* Release */ = {
			isa = XCBuildConfiguration;
			buildSettings = {
				BUNDLE_LOADER = "$(TEST_HOST)";
				CODE_SIGN_STYLE = Automatic;
				CURRENT_PROJECT_VERSION = 1;
				DEVELOPMENT_TEAM = B465UNKBLB;
				GENERATE_INFOPLIST_FILE = YES;
				IPHONEOS_DEPLOYMENT_TARGET = 18.0;
				MARKETING_VERSION = 1.0;
				PRODUCT_BUNDLE_IDENTIFIER = "dev.marcell.Idasen-ControllerTests";
				PRODUCT_NAME = "$(TARGET_NAME)";
				SWIFT_EMIT_LOC_STRINGS = NO;
				SWIFT_VERSION = 5.0;
				TARGETED_DEVICE_FAMILY = "1,2";
				TEST_HOST = "$(BUILT_PRODUCTS_DIR)/Idasen Controller.app/$(BUNDLE_EXECUTABLE_FOLDER_PATH)/Idasen Controller";
			};
			name = Release;
		};
		AA23DC562CA1F6D8009563B6 /* Debug */ = {
			isa = XCBuildConfiguration;
			buildSettings = {
				CODE_SIGN_STYLE = Automatic;
				CURRENT_PROJECT_VERSION = 1;
				DEVELOPMENT_TEAM = B465UNKBLB;
				GENERATE_INFOPLIST_FILE = YES;
				MARKETING_VERSION = 1.0;
				PRODUCT_BUNDLE_IDENTIFIER = "dev.marcell.Idasen-ControllerUITests";
				PRODUCT_NAME = "$(TARGET_NAME)";
				SWIFT_EMIT_LOC_STRINGS = NO;
				SWIFT_VERSION = 5.0;
				TARGETED_DEVICE_FAMILY = "1,2";
				TEST_TARGET_NAME = "Idasen Controller";
			};
			name = Debug;
		};
		AA23DC572CA1F6D8009563B6 /* Release */ = {
			isa = XCBuildConfiguration;
			buildSettings = {
				CODE_SIGN_STYLE = Automatic;
				CURRENT_PROJECT_VERSION = 1;
				DEVELOPMENT_TEAM = B465UNKBLB;
				GENERATE_INFOPLIST_FILE = YES;
				MARKETING_VERSION = 1.0;
				PRODUCT_BUNDLE_IDENTIFIER = "dev.marcell.Idasen-ControllerUITests";
				PRODUCT_NAME = "$(TARGET_NAME)";
				SWIFT_EMIT_LOC_STRINGS = NO;
				SWIFT_VERSION = 5.0;
				TARGETED_DEVICE_FAMILY = "1,2";
				TEST_TARGET_NAME = "Idasen Controller";
			};
			name = Release;
		};
/* End XCBuildConfiguration section */

/* Begin XCConfigurationList section */
		AA23DC262CA1F6D7009563B6 /* Build configuration list for PBXProject "Idasen Controller" */ = {
			isa = XCConfigurationList;
			buildConfigurations = (
				AA23DC4D2CA1F6D8009563B6 /* Debug */,
				AA23DC4E2CA1F6D8009563B6 /* Release */,
			);
			defaultConfigurationIsVisible = 0;
			defaultConfigurationName = Release;
		};
		AA23DC4F2CA1F6D8009563B6 /* Build configuration list for PBXNativeTarget "Idasen Controller" */ = {
			isa = XCConfigurationList;
			buildConfigurations = (
				AA23DC502CA1F6D8009563B6 /* Debug */,
				AA23DC512CA1F6D8009563B6 /* Release */,
			);
			defaultConfigurationIsVisible = 0;
			defaultConfigurationName = Release;
		};
		AA23DC522CA1F6D8009563B6 /* Build configuration list for PBXNativeTarget "Idasen ControllerTests" */ = {
			isa = XCConfigurationList;
			buildConfigurations = (
				AA23DC532CA1F6D8009563B6 /* Debug */,
				AA23DC542CA1F6D8009563B6 /* Release */,
			);
			defaultConfigurationIsVisible = 0;
			defaultConfigurationName = Release;
		};
		AA23DC552CA1F6D8009563B6 /* Build configuration list for PBXNativeTarget "Idasen ControllerUITests" */ = {
			isa = XCConfigurationList;
			buildConfigurations = (
				AA23DC562CA1F6D8009563B6 /* Debug */,
				AA23DC572CA1F6D8009563B6 /* Release */,
			);
			defaultConfigurationIsVisible = 0;
			defaultConfigurationName = Release;
		};
/* End XCConfigurationList section */
	};
	rootObject = AA23DC232CA1F6D7009563B6 /* Project object */;
}
